
Microsoft Visual Studio Solution File, Format Version 12.00
# Visual Studio 15
VisualStudioVersion = 15.0.27130.2027
MinimumVisualStudioVersion = 10.0.40219.1
Project("{FAE04EC0-301F-11D3-BF4B-00C04F79EFBC}") = "SitecoreCookbook", "SitecoreCookbook\SitecoreCookbook.csproj", "{92672475-705C-454C-A905-2EF0975AA67D}"
EndProject
Project("{CAA73BB0-EF22-4D79-A57E-DF67B3BA9C80}") = "Museum-Master", "Museum-Master\Museum-Master.scproj", "{61E96273-F438-4818-93F6-9D7A9A119C80}"
EndProject
Global
	GlobalSection(SolutionConfigurationPlatforms) = preSolution
		Debug|Any CPU = Debug|Any CPU
		MuseumWorld|Any CPU = MuseumWorld|Any CPU
		Release|Any CPU = Release|Any CPU
	EndGlobalSection
	GlobalSection(ProjectConfigurationPlatforms) = postSolution
		{92672475-705C-454C-A905-2EF0975AA67D}.Debug|Any CPU.ActiveCfg = Debug|Any CPU
		{92672475-705C-454C-A905-2EF0975AA67D}.Debug|Any CPU.Build.0 = Debug|Any CPU
		{92672475-705C-454C-A905-2EF0975AA67D}.MuseumWorld|Any CPU.ActiveCfg = MuseumWorld|Any CPU
		{92672475-705C-454C-A905-2EF0975AA67D}.MuseumWorld|Any CPU.Build.0 = MuseumWorld|Any CPU
		{92672475-705C-454C-A905-2EF0975AA67D}.Release|Any CPU.ActiveCfg = Release|Any CPU
		{92672475-705C-454C-A905-2EF0975AA67D}.Release|Any CPU.Build.0 = Release|Any CPU
		{61E96273-F438-4818-93F6-9D7A9A119C80}.Debug|Any CPU.ActiveCfg = Debug|Any CPU
		{61E96273-F438-4818-93F6-9D7A9A119C80}.Debug|Any CPU.Build.0 = Debug|Any CPU
		{61E96273-F438-4818-93F6-9D7A9A119C80}.Debug|Any CPU.Deploy.0 = Debug|Any CPU
		{61E96273-F438-4818-93F6-9D7A9A119C80}.MuseumWorld|Any CPU.ActiveCfg = MuseumWorld|Any CPU
		{61E96273-F438-4818-93F6-9D7A9A119C80}.MuseumWorld|Any CPU.Build.0 = MuseumWorld|Any CPU
		{61E96273-F438-4818-93F6-9D7A9A119C80}.MuseumWorld|Any CPU.Deploy.0 = MuseumWorld|Any CPU
		{61E96273-F438-4818-93F6-9D7A9A119C80}.Release|Any CPU.ActiveCfg = Release|Any CPU
		{61E96273-F438-4818-93F6-9D7A9A119C80}.Release|Any CPU.Build.0 = Release|Any CPU
		{61E96273-F438-4818-93F6-9D7A9A119C80}.Release|Any CPU.Deploy.0 = Release|Any CPU
	EndGlobalSection
	GlobalSection(SolutionProperties) = preSolution
		HideSolutionNode = FALSE
	EndGlobalSection
	GlobalSection(ExtensibilityGlobals) = postSolution
		SolutionGuid = {C98815BA-5AB5-463A-9AA5-F3E395EE7E0F}
	EndGlobalSection
EndGlobal
